
Microsoft Visual Studio Solution File, Format Version 12.00
# Visual Studio 15
VisualStudioVersion = 15.0.28307.539
MinimumVisualStudioVersion = 10.0.40219.1
Project("{FAE04EC0-301F-11D3-BF4B-00C04F79EFBC}") = "WpfAppTabMenu", "WpfAppTabMenu\WpfAppTabMenu.csproj", "{CAEA7D06-727B-4707-858D-7D8A08CAC0B2}"
EndProject
Global
	GlobalSection(SolutionConfigurationPlatforms) = preSolution
		Debug|Any CPU = Debug|Any CPU
		Release|Any CPU = Release|Any CPU
	EndGlobalSection
	GlobalSection(ProjectConfigurationPlatforms) = postSolution
		{CAEA7D06-727B-4707-858D-7D8A08CAC0B2}.Debug|Any CPU.ActiveCfg = Debug|Any CPU
		{CAEA7D06-727B-4707-858D-7D8A08CAC0B2}.Debug|Any CPU.Build.0 = Debug|Any CPU
		{CAEA7D06-727B-4707-858D-7D8A08CAC0B2}.Release|Any CPU.ActiveCfg = Release|Any CPU
		{CAEA7D06-727B-4707-858D-7D8A08CAC0B2}.Release|Any CPU.Build.0 = Release|Any CPU
	EndGlobalSection
	GlobalSection(SolutionProperties) = preSolution
		HideSolutionNode = FALSE
	EndGlobalSection
	GlobalSection(ExtensibilityGlobals) = postSolution
		SolutionGuid = {0B7A0C48-2DE9-40CA-A184-3045AC1A6F22}
	EndGlobalSection
EndGlobal
